
Microsoft Visual Studio Solution File, Format Version 12.00
# Visual Studio Version 17
VisualStudioVersion = 17.9.34728.123
MinimumVisualStudioVersion = 10.0.40219.1
Project("{FAE04EC0-301F-11D3-BF4B-00C04F79EFBC}") = "BankingSystem", "BankingSystem\BankingSystem.csproj", "{27A9A527-8223-4D20-88DC-6230E1AE128F}"
EndProject
Global
	GlobalSection(SolutionConfigurationPlatforms) = preSolution
		Debug|Any CPU = Debug|Any CPU
		Release|Any CPU = Release|Any CPU
	EndGlobalSection
	GlobalSection(ProjectConfigurationPlatforms) = postSolution
		{27A9A527-8223-4D20-88DC-6230E1AE128F}.Debug|Any CPU.ActiveCfg = Debug|Any CPU
		{27A9A527-8223-4D20-88DC-6230E1AE128F}.Debug|Any CPU.Build.0 = Debug|Any CPU
		{27A9A527-8223-4D20-88DC-6230E1AE128F}.Release|Any CPU.ActiveCfg = Release|Any CPU
		{27A9A527-8223-4D20-88DC-6230E1AE128F}.Release|Any CPU.Build.0 = Release|Any CPU
	EndGlobalSection
	GlobalSection(SolutionProperties) = preSolution
		HideSolutionNode = FALSE
	EndGlobalSection
	GlobalSection(ExtensibilityGlobals) = postSolution
		SolutionGuid = {6678099C-D04E-4CB5-8355-CC34A3DA18CF}
	EndGlobalSection
EndGlobal
